
Microsoft Visual Studio Solution File, Format Version 12.00
# Visual Studio Version 17
VisualStudioVersion = 17.5.002.0
MinimumVisualStudioVersion = 10.0.40219.1
Project("{9A19103F-16F7-4668-BE54-9A1E7A4F7556}") = "RegExApplication", "RegExApplication.csproj", "{EC52F92C-8532-4D1D-BF4A-2A93DEA18D23}"
EndProject
Global
	GlobalSection(SolutionConfigurationPlatforms) = preSolution
		Debug|Any CPU = Debug|Any CPU
		Release|Any CPU = Release|Any CPU
	EndGlobalSection
	GlobalSection(ProjectConfigurationPlatforms) = postSolution
		{EC52F92C-8532-4D1D-BF4A-2A93DEA18D23}.Debug|Any CPU.ActiveCfg = Debug|Any CPU
		{EC52F92C-8532-4D1D-BF4A-2A93DEA18D23}.Debug|Any CPU.Build.0 = Debug|Any CPU
		{EC52F92C-8532-4D1D-BF4A-2A93DEA18D23}.Release|Any CPU.ActiveCfg = Release|Any CPU
		{EC52F92C-8532-4D1D-BF4A-2A93DEA18D23}.Release|Any CPU.Build.0 = Release|Any CPU
	EndGlobalSection
	GlobalSection(SolutionProperties) = preSolution
		HideSolutionNode = FALSE
	EndGlobalSection
	GlobalSection(ExtensibilityGlobals) = postSolution
		SolutionGuid = {CF366C65-A8E9-4206-8ED4-24CDB58F0EB6}
	EndGlobalSection
EndGlobal
